Microsoft Visual Studio Solution File, Format Version 12.00
# Visual Studio Version 17
VisualStudioVersion = 17.5.2.0
MinimumVisualStudioVersion = 10.0.40219.1
Project("{FAE04EC0-301F-11D3-BF4B-00C04F79EFBC}") = "conta-bancaria", "conta-bancaria.csproj", "{C0BCEE1D-A34D-C459-B972-D8E4CC4855FB}"
EndProject
Global
	GlobalSection(SolutionConfigurationPlatforms) = preSolution
		Debug|Any CPU = Debug|Any CPU
		Release|Any CPU = Release|Any CPU
	EndGlobalSection
	GlobalSection(ProjectConfigurationPlatforms) = postSolution
		{C0BCEE1D-A34D-C459-B972-D8E4CC4855FB}.Debug|Any CPU.ActiveCfg = Debug|Any CPU
		{C0BCEE1D-A34D-C459-B972-D8E4CC4855FB}.Debug|Any CPU.Build.0 = Debug|Any CPU
		{C0BCEE1D-A34D-C459-B972-D8E4CC4855FB}.Release|Any CPU.ActiveCfg = Release|Any CPU
		{C0BCEE1D-A34D-C459-B972-D8E4CC4855FB}.Release|Any CPU.Build.0 = Release|Any CPU
	EndGlobalSection
	GlobalSection(SolutionProperties) = preSolution
		HideSolutionNode = FALSE
	EndGlobalSection
	GlobalSection(ExtensibilityGlobals) = postSolution
		SolutionGuid = {262D4A49-74D6-4D68-A5C6-A298581AFC4F}
	EndGlobalSection
EndGlobal
